
Microsoft Visual Studio Solution File, Format Version 12.00
# Visual Studio Version 16
VisualStudioVersion = 16.0.31313.79
MinimumVisualStudioVersion = 10.0.40219.1
Project("{FAE04EC0-301F-11D3-BF4B-00C04F79EFBC}") = "Diziyorum", "Diziyorum\Diziyorum.csproj", "{1B1AC2D1-CA84-40E5-8B69-C084D9889AD4}"
EndProject
Global
	GlobalSection(SolutionConfigurationPlatforms) = preSolution
		Debug|Any CPU = Debug|Any CPU
		Release|Any CPU = Release|Any CPU
	EndGlobalSection
	GlobalSection(ProjectConfigurationPlatforms) = postSolution
		{1B1AC2D1-CA84-40E5-8B69-C084D9889AD4}.Debug|Any CPU.ActiveCfg = Debug|Any CPU
		{1B1AC2D1-CA84-40E5-8B69-C084D9889AD4}.Debug|Any CPU.Build.0 = Debug|Any CPU
		{1B1AC2D1-CA84-40E5-8B69-C084D9889AD4}.Release|Any CPU.ActiveCfg = Release|Any CPU
		{1B1AC2D1-CA84-40E5-8B69-C084D9889AD4}.Release|Any CPU.Build.0 = Release|Any CPU
	EndGlobalSection
	GlobalSection(SolutionProperties) = preSolution
		HideSolutionNode = FALSE
	EndGlobalSection
	GlobalSection(ExtensibilityGlobals) = postSolution
		SolutionGuid = {1CF21D98-0B20-4F26-B3B9-2BB5F219D9A9}
	EndGlobalSection
EndGlobal
